
Microsoft Visual Studio Solution File, Format Version 12.00
# Visual Studio 15
VisualStudioVersion = 15.0.27703.2047
MinimumVisualStudioVersion = 10.0.40219.1
Project("{FAE04EC0-301F-11D3-BF4B-00C04F79EFBC}") = "My_portfolio_website", "My_portfolio_website\My_portfolio_website.csproj", "{B9418CAD-0B49-4C53-A33C-A37B5C664E0D}"
EndProject
Global
	GlobalSection(SolutionConfigurationPlatforms) = preSolution
		Debug|Any CPU = Debug|Any CPU
		Release|Any CPU = Release|Any CPU
	EndGlobalSection
	GlobalSection(ProjectConfigurationPlatforms) = postSolution
		{B9418CAD-0B49-4C53-A33C-A37B5C664E0D}.Debug|Any CPU.ActiveCfg = Debug|Any CPU
		{B9418CAD-0B49-4C53-A33C-A37B5C664E0D}.Debug|Any CPU.Build.0 = Debug|Any CPU
		{B9418CAD-0B49-4C53-A33C-A37B5C664E0D}.Release|Any CPU.ActiveCfg = Release|Any CPU
		{B9418CAD-0B49-4C53-A33C-A37B5C664E0D}.Release|Any CPU.Build.0 = Release|Any CPU
	EndGlobalSection
	GlobalSection(SolutionProperties) = preSolution
		HideSolutionNode = FALSE
	EndGlobalSection
	GlobalSection(ExtensibilityGlobals) = postSolution
		SolutionGuid = {65AB7C92-1809-4466-92B2-AFC2D8FC68F0}
	EndGlobalSection
EndGlobal
